
Microsoft Visual Studio Solution File, Format Version 12.00
# Visual Studio Version 16
VisualStudioVersion = 16.0.33423.256
MinimumVisualStudioVersion = 10.0.40219.1
Project("{FAE04EC0-301F-11D3-BF4B-00C04F79EFBC}") = "Ex03.GarageLogic", "Ex03.GarageLogic\Ex03.GarageLogic.csproj", "{7785AFB0-6106-4D04-8979-F77AC3D61ADD}"
EndProject
Global
	GlobalSection(SolutionConfigurationPlatforms) = preSolution
		Debug|Any CPU = Debug|Any CPU
		Release|Any CPU = Release|Any CPU
	EndGlobalSection
	GlobalSection(ProjectConfigurationPlatforms) = postSolution
		{7785AFB0-6106-4D04-8979-F77AC3D61ADD}.Debug|Any CPU.ActiveCfg = Debug|Any CPU
		{7785AFB0-6106-4D04-8979-F77AC3D61ADD}.Debug|Any CPU.Build.0 = Debug|Any CPU
		{7785AFB0-6106-4D04-8979-F77AC3D61ADD}.Release|Any CPU.ActiveCfg = Release|Any CPU
		{7785AFB0-6106-4D04-8979-F77AC3D61ADD}.Release|Any CPU.Build.0 = Release|Any CPU
	EndGlobalSection
	GlobalSection(SolutionProperties) = preSolution
		HideSolutionNode = FALSE
	EndGlobalSection
	GlobalSection(ExtensibilityGlobals) = postSolution
		SolutionGuid = {D59C6931-714A-49E4-B418-0AAFB82CF284}
	EndGlobalSection
EndGlobal
